packages:
- package: calogica/dbt_expectations
  version: 0.8.2
- package: dbt-labs/dbt_utils
  version: 1.0.0
- git: https://github.com/FlipsideCrypto/near-models.git
  revision: 04fc27bec7971b3bbd9d77591889ce163db31eb4
- package: calogica/dbt_date
  version: 0.7.2
- git: https://github.com/FlipsideCrypto/fsc-utils.git
  revision: 6096046f00c5c27fa7b8d60ae6ec1dfe31d7fa10
- package: get-select/dbt_snowflake_query_tags
  version: 2.5.0
- git: https://github.com/FlipsideCrypto/livequery-base.git
  revision: 10b53fd690bbbcfc26d65a3a432c004c9e4978bb
sha1_hash: 4540b0d3844a74ca5fae20487414c67b310b9d75
