packages:
- package: calogica/dbt_expectations
  version: 0.8.2
- package: dbt-labs/dbt_utils
  version: 1.0.0
- git: https://github.com/FlipsideCrypto/near-models.git
  revision: fae117661d70ca9dac1fde6966ce102e5f438f21
- package: calogica/dbt_date
  version: 0.7.2
- git: https://github.com/FlipsideCrypto/fsc-utils.git
  revision: 6096046f00c5c27fa7b8d60ae6ec1dfe31d7fa10
- package: get-select/dbt_snowflake_query_tags
  version: 2.5.0
- git: https://github.com/FlipsideCrypto/livequery-base.git
  revision: d60977ef9abf27435cd61146a3681f8fab0d3a3a
sha1_hash: e829360e608a6713d3d45880218815ed538206be
